
Microsoft Visual Studio Solution File, Format Version 11.00
# Visual Studio 2010
Project("{ED6CF877-48ED-48C3-9F79-2EDD94CE9220}") = "PieChart", "PieChart.csproj", "{B8D1E763-EDDC-4A13-BF00-3729423ACFC3}"
EndProject
Global
	GlobalSection(SolutionConfigurationPlatforms) = preSolution
		Debug|Any CPU = Debug|Any CPU
		Release|Any CPU = Release|Any CPU
		Debug|iPhoneSimulator = Debug|iPhoneSimulator
		Release|iPhoneSimulator = Release|iPhoneSimulator
		Debug|iPhone = Debug|iPhone
		Release|iPhone = Release|iPhone
	EndGlobalSection
	GlobalSection(ProjectConfigurationPlatforms) = postSolution
		{B8D1E763-EDDC-4A13-BF00-3729423ACFC3}.Debug|Any CPU.ActiveCfg = Debug|iPhoneSimulator
		{B8D1E763-EDDC-4A13-BF00-3729423ACFC3}.Debug|Any CPU.Build.0 = Debug|iPhoneSimulator
		{B8D1E763-EDDC-4A13-BF00-3729423ACFC3}.Debug|iPhone.ActiveCfg = Debug|iPhone
		{B8D1E763-EDDC-4A13-BF00-3729423ACFC3}.Debug|iPhone.Build.0 = Debug|iPhone
		{B8D1E763-EDDC-4A13-BF00-3729423ACFC3}.Debug|iPhoneSimulator.ActiveCfg = Debug|iPhoneSimulator
		{B8D1E763-EDDC-4A13-BF00-3729423ACFC3}.Debug|iPhoneSimulator.Build.0 = Debug|iPhoneSimulator
		{B8D1E763-EDDC-4A13-BF00-3729423ACFC3}.Release|Any CPU.ActiveCfg = Release|iPhoneSimulator
		{B8D1E763-EDDC-4A13-BF00-3729423ACFC3}.Release|Any CPU.Build.0 = Release|iPhoneSimulator
		{B8D1E763-EDDC-4A13-BF00-3729423ACFC3}.Release|iPhone.ActiveCfg = Release|iPhone
		{B8D1E763-EDDC-4A13-BF00-3729423ACFC3}.Release|iPhone.Build.0 = Release|iPhone
		{B8D1E763-EDDC-4A13-BF00-3729423ACFC3}.Release|iPhoneSimulator.ActiveCfg = Release|iPhoneSimulator
		{B8D1E763-EDDC-4A13-BF00-3729423ACFC3}.Release|iPhoneSimulator.Build.0 = Release|iPhoneSimulator
	EndGlobalSection
	GlobalSection(MonoDevelopProperties) = preSolution
		StartupItem = PieChart.csproj
	EndGlobalSection
EndGlobal
