
Microsoft Visual Studio Solution File, Format Version 11.00
# Visual Studio 2010
Project("{2B285851-50B5-41B7-BE80-30C168AFEF95}") = "TimeSeries", "TimeSeries.csproj", "{244CE042-6D3E-4253-BA09-68ABB096BB16}"
EndProject
Global
	GlobalSection(SolutionConfigurationPlatforms) = preSolution
		Debug|Any CPU = Debug|Any CPU
		Release|Any CPU = Release|Any CPU
		Debug|iPhoneSimulator = Debug|iPhoneSimulator
		Release|iPhoneSimulator = Release|iPhoneSimulator
		Debug|iPhone = Debug|iPhone
		Release|iPhone = Release|iPhone
	EndGlobalSection
	GlobalSection(ProjectConfigurationPlatforms) = postSolution
		{244CE042-6D3E-4253-BA09-68ABB096BB16}.Debug|Any CPU.ActiveCfg = Debug|iPhoneSimulator
		{244CE042-6D3E-4253-BA09-68ABB096BB16}.Debug|Any CPU.Build.0 = Debug|iPhoneSimulator
		{244CE042-6D3E-4253-BA09-68ABB096BB16}.Debug|iPhone.ActiveCfg = Debug|iPhone
		{244CE042-6D3E-4253-BA09-68ABB096BB16}.Debug|iPhone.Build.0 = Debug|iPhone
		{244CE042-6D3E-4253-BA09-68ABB096BB16}.Debug|iPhoneSimulator.ActiveCfg = Debug|iPhoneSimulator
		{244CE042-6D3E-4253-BA09-68ABB096BB16}.Debug|iPhoneSimulator.Build.0 = Debug|iPhoneSimulator
		{244CE042-6D3E-4253-BA09-68ABB096BB16}.Release|Any CPU.ActiveCfg = Release|iPhoneSimulator
		{244CE042-6D3E-4253-BA09-68ABB096BB16}.Release|Any CPU.Build.0 = Release|iPhoneSimulator
		{244CE042-6D3E-4253-BA09-68ABB096BB16}.Release|iPhone.ActiveCfg = Release|iPhone
		{244CE042-6D3E-4253-BA09-68ABB096BB16}.Release|iPhone.Build.0 = Release|iPhone
		{244CE042-6D3E-4253-BA09-68ABB096BB16}.Release|iPhoneSimulator.ActiveCfg = Release|iPhoneSimulator
		{244CE042-6D3E-4253-BA09-68ABB096BB16}.Release|iPhoneSimulator.Build.0 = Release|iPhoneSimulator
	EndGlobalSection
	GlobalSection(MonoDevelopProperties) = preSolution
		StartupItem = TimeSeries.csproj
	EndGlobalSection
EndGlobal
