
Microsoft Visual Studio Solution File, Format Version 11.00
# Visual Studio 2010
Project("{0BA629D1-15DF-471B-8624-2B22C15CCF01}") = "CandlestickChart", "CandlestickChart.csproj", "{72256544-2FDF-4E06-8AA6-F03527330E27}"
EndProject
Global
	GlobalSection(SolutionConfigurationPlatforms) = preSolution
		Debug|Any CPU = Debug|Any CPU
		Release|Any CPU = Release|Any CPU
		Debug|iPhoneSimulator = Debug|iPhoneSimulator
		Release|iPhoneSimulator = Release|iPhoneSimulator
		Debug|iPhone = Debug|iPhone
		Release|iPhone = Release|iPhone
	EndGlobalSection
	GlobalSection(ProjectConfigurationPlatforms) = postSolution
		{72256544-2FDF-4E06-8AA6-F03527330E27}.Debug|Any CPU.ActiveCfg = Debug|iPhoneSimulator
		{72256544-2FDF-4E06-8AA6-F03527330E27}.Debug|Any CPU.Build.0 = Debug|iPhoneSimulator
		{72256544-2FDF-4E06-8AA6-F03527330E27}.Debug|iPhone.ActiveCfg = Debug|iPhone
		{72256544-2FDF-4E06-8AA6-F03527330E27}.Debug|iPhone.Build.0 = Debug|iPhone
		{72256544-2FDF-4E06-8AA6-F03527330E27}.Debug|iPhoneSimulator.ActiveCfg = Debug|iPhoneSimulator
		{72256544-2FDF-4E06-8AA6-F03527330E27}.Debug|iPhoneSimulator.Build.0 = Debug|iPhoneSimulator
		{72256544-2FDF-4E06-8AA6-F03527330E27}.Release|Any CPU.ActiveCfg = Release|iPhoneSimulator
		{72256544-2FDF-4E06-8AA6-F03527330E27}.Release|Any CPU.Build.0 = Release|iPhoneSimulator
		{72256544-2FDF-4E06-8AA6-F03527330E27}.Release|iPhone.ActiveCfg = Release|iPhone
		{72256544-2FDF-4E06-8AA6-F03527330E27}.Release|iPhone.Build.0 = Release|iPhone
		{72256544-2FDF-4E06-8AA6-F03527330E27}.Release|iPhoneSimulator.ActiveCfg = Release|iPhoneSimulator
		{72256544-2FDF-4E06-8AA6-F03527330E27}.Release|iPhoneSimulator.Build.0 = Release|iPhoneSimulator
	EndGlobalSection
	GlobalSection(MonoDevelopProperties) = preSolution
		StartupItem = CandlestickChart.csproj
	EndGlobalSection
EndGlobal
